// !$*UTF8*$!
{
	archiveVersion = 1;
	classes = {
	};
	objectVersion = 46;
	objects = {

/* Begin PBXBuildFile section */
		9FA06FD81F711C450009DF63 /* AppDelegate.swift in Sources */ = {isa = PBXBuildFile; fileRef = 9FA06FD71F711C450009DF63 /* AppDelegate.swift */; };
		9FA06FDD1F711C450009DF63 /* Main.storyboard in Resources */ = {isa = PBXBuildFile; fileRef = 9FA06FDB1F711C450009DF63 /* Main.storyboard */; };
		9FA06FE01F711C450009DF63 /* Reservation.xcdatamodeld in Sources */ = {isa = PBXBuildFile; fileRef = 9FA06FDE1F711C450009DF63 /* Reservation.xcdatamodeld */; };
		9FA06FE51F711C450009DF63 /* LaunchScreen.storyboard in Resources */ = {isa = PBXBuildFile; fileRef = 9FA06FE31F711C450009DF63 /* LaunchScreen.storyboard */; };
		9FA06FF01F711C450009DF63 /* ReservationTests.swift in Sources */ = {isa = PBXBuildFile; fileRef = 9FA06FEF1F711C450009DF63 /* ReservationTests.swift */; };
		9FA06FFB1F711C450009DF63 /* ReservationUITests.swift in Sources */ = {isa = PBXBuildFile; fileRef = 9FA06FFA1F711C450009DF63 /* ReservationUITests.swift */; };
		9FA070091F711F0C0009DF63 /* MyReservationsTableViewController.swift in Sources */ = {isa = PBXBuildFile; fileRef = 9FA070081F711F0C0009DF63 /* MyReservationsTableViewController.swift */; };
		9FA0700B1F7125510009DF63 /* MyReservationTableViewCell.swift in Sources */ = {isa = PBXBuildFile; fileRef = 9FA0700A1F7125510009DF63 /* MyReservationTableViewCell.swift */; };
		9FA0700D1F712CED0009DF63 /* SpaServicesPagesViewController.swift in Sources */ = {isa = PBXBuildFile; fileRef = 9FA0700C1F712CED0009DF63 /* SpaServicesPagesViewController.swift */; };
		9FA070111F712D460009DF63 /* HotStonePageViewController.swift in Sources */ = {isa = PBXBuildFile; fileRef = 9FA070101F712D460009DF63 /* HotStonePageViewController.swift */; };
		9FA070131F712D5C0009DF63 /* DeepTessuePageViewController.swift in Sources */ = {isa = PBXBuildFile; fileRef = 9FA070121F712D5C0009DF63 /* DeepTessuePageViewController.swift */; };
		9FA070151F714CBE0009DF63 /* Assets.xcassets in Resources */ = {isa = PBXBuildFile; fileRef = 9FA070141F714CBE0009DF63 /* Assets.xcassets */; };
		9FA070171F714F590009DF63 /* MothersDayPageViewController.swift in Sources */ = {isa = PBXBuildFile; fileRef = 9FA070161F714F590009DF63 /* MothersDayPageViewController.swift */; };
		9FA070191F7160C40009DF63 /* ScheduleViewController.swift in Sources */ = {isa = PBXBuildFile; fileRef = 9FA070181F7160C40009DF63 /* ScheduleViewController.swift */; };
		9FA0701B1F71670E0009DF63 /* AvailableDateCollectionViewCell.swift in Sources */ = {isa = PBXBuildFile; fileRef = 9FA0701A1F71670E0009DF63 /* AvailableDateCollectionViewCell.swift */; };
		9FA0701D1F71671E0009DF63 /* AvailableTimeCollectionViewCell.swift in Sources */ = {isa = PBXBuildFile; fileRef = 9FA0701C1F71671E0009DF63 /* AvailableTimeCollectionViewCell.swift */; };
		9FA0701F1F716E1F0009DF63 /* DateExtension.swift in Sources */ = {isa = PBXBuildFile; fileRef = 9FA0701E1F716E1F0009DF63 /* DateExtension.swift */; };
		9FA070211F716F020009DF63 /* AvailableDate.swift in Sources */ = {isa = PBXBuildFile; fileRef = 9FA070201F716F020009DF63 /* AvailableDate.swift */; };
/* End PBXBuildFile section */

/* Begin PBXContainerItemProxy section */
		9FA06FEC1F711C450009DF63 /* PBXContainerItemProxy */ = {
			isa = PBXContainerItemProxy;
			containerPortal = 9FA06FCC1F711C440009DF63 /* Project object */;
			proxyType = 1;
			remoteGlobalIDString = 9FA06FD31F711C450009DF63;
			remoteInfo = Reservation;
		};
		9FA06FF71F711C450009DF63 /* PBXContainerItemProxy */ = {
			isa = PBXContainerItemProxy;
			containerPortal = 9FA06FCC1F711C440009DF63 /* Project object */;
			proxyType = 1;
			remoteGlobalIDString = 9FA06FD31F711C450009DF63;
			remoteInfo = Reservation;
		};
/* End PBXContainerItemProxy section */

/* Begin PBXFileReference section */
		9FA06FD41F711C450009DF63 /* Reservation.app */ = {isa = PBXFileReference; explicitFileType = wrapper.application; includeInIndex = 0; path = Reservation.app; sourceTree = BUILT_PRODUCTS_DIR; };
		9FA06FD71F711C450009DF63 /* AppDelegate.swift */ = {isa = PBXFileReference; lastKnownFileType = sourcecode.swift; path = AppDelegate.swift; sourceTree = "<group>"; };
		9FA06FDC1F711C450009DF63 /* Base */ = {isa = PBXFileReference; lastKnownFileType = file.storyboard; name = Base; path = Base.lproj/Main.storyboard; sourceTree = "<group>"; };
		9FA06FDF1F711C450009DF63 /* Reservation.xcdatamodel */ = {isa = PBXFileReference; lastKnownFileType = wrapper.xcdatamodel; path = Reservation.xcdatamodel; sourceTree = "<group>"; };
		9FA06FE41F711C450009DF63 /* Base */ = {isa = PBXFileReference; lastKnownFileType = file.storyboard; name = Base; path = Base.lproj/LaunchScreen.storyboard; sourceTree = "<group>"; };
		9FA06FE61F711C450009DF63 /* Info.plist */ = {isa = PBXFileReference; lastKnownFileType = text.plist.xml; path = Info.plist; sourceTree = "<group>"; };
		9FA06FEB1F711C450009DF63 /* ReservationTests.xctest */ = {isa = PBXFileReference; explicitFileType = wrapper.cfbundle; includeInIndex = 0; path = ReservationTests.xctest; sourceTree = BUILT_PRODUCTS_DIR; };
		9FA06FEF1F711C450009DF63 /* ReservationTests.swift */ = {isa = PBXFileReference; lastKnownFileType = sourcecode.swift; path = ReservationTests.swift; sourceTree = "<group>"; };
		9FA06FF11F711C450009DF63 /* Info.plist */ = {isa = PBXFileReference; lastKnownFileType = text.plist.xml; path = Info.plist; sourceTree = "<group>"; };
		9FA06FF61F711C450009DF63 /* ReservationUITests.xctest */ = {isa = PBXFileReference; explicitFileType = wrapper.cfbundle; includeInIndex = 0; path = ReservationUITests.xctest; sourceTree = BUILT_PRODUCTS_DIR; };
		9FA06FFA1F711C450009DF63 /* ReservationUITests.swift */ = {isa = PBXFileReference; lastKnownFileType = sourcecode.swift; path = ReservationUITests.swift; sourceTree = "<group>"; };
		9FA06FFC1F711C450009DF63 /* Info.plist */ = {isa = PBXFileReference; lastKnownFileType = text.plist.xml; path = Info.plist; sourceTree = "<group>"; };
		9FA070081F711F0C0009DF63 /* MyReservationsTableViewController.swift */ = {isa = PBXFileReference; fileEncoding = 4; lastKnownFileType = sourcecode.swift; name = MyReservationsTableViewController.swift; path = ../MyReservationsTableViewController.swift; sourceTree = "<group>"; };
		9FA0700A1F7125510009DF63 /* MyReservationTableViewCell.swift */ = {isa = PBXFileReference; fileEncoding = 4; lastKnownFileType = sourcecode.swift; path = MyReservationTableViewCell.swift; sourceTree = "<group>"; };
		9FA0700C1F712CED0009DF63 /* SpaServicesPagesViewController.swift */ = {isa = PBXFileReference; fileEncoding = 4; lastKnownFileType = sourcecode.swift; path = SpaServicesPagesViewController.swift; sourceTree = "<group>"; };
		9FA070101F712D460009DF63 /* HotStonePageViewController.swift */ = {isa = PBXFileReference; fileEncoding = 4; lastKnownFileType = sourcecode.swift; path = HotStonePageViewController.swift; sourceTree = "<group>"; };
		9FA070121F712D5C0009DF63 /* DeepTessuePageViewController.swift */ = {isa = PBXFileReference; fileEncoding = 4; lastKnownFileType = sourcecode.swift; path = DeepTessuePageViewController.swift; sourceTree = "<group>"; };
		9FA070141F714CBE0009DF63 /* Assets.xcassets */ = {isa = PBXFileReference; lastKnownFileType = folder.assetcatalog; path = Assets.xcassets; sourceTree = "<group>"; };
		9FA070161F714F590009DF63 /* MothersDayPageViewController.swift */ = {isa = PBXFileReference; fileEncoding = 4; lastKnownFileType = sourcecode.swift; path = MothersDayPageViewController.swift; sourceTree = "<group>"; };
		9FA070181F7160C40009DF63 /* ScheduleViewController.swift */ = {isa = PBXFileReference; fileEncoding = 4; lastKnownFileType = sourcecode.swift; path = ScheduleViewController.swift; sourceTree = "<group>"; };
		9FA0701A1F71670E0009DF63 /* AvailableDateCollectionViewCell.swift */ = {isa = PBXFileReference; fileEncoding = 4; lastKnownFileType = sourcecode.swift; path = AvailableDateCollectionViewCell.swift; sourceTree = "<group>"; };
		9FA0701C1F71671E0009DF63 /* AvailableTimeCollectionViewCell.swift */ = {isa = PBXFileReference; fileEncoding = 4; lastKnownFileType = sourcecode.swift; path = AvailableTimeCollectionViewCell.swift; sourceTree = "<group>"; };
		9FA0701E1F716E1F0009DF63 /* DateExtension.swift */ = {isa = PBXFileReference; fileEncoding = 4; lastKnownFileType = sourcecode.swift; path = DateExtension.swift; sourceTree = "<group>"; };
		9FA070201F716F020009DF63 /* AvailableDate.swift */ = {isa = PBXFileReference; fileEncoding = 4; lastKnownFileType = sourcecode.swift; path = AvailableDate.swift; sourceTree = "<group>"; };
/* End PBXFileReference section */

/* Begin PBXFrameworksBuildPhase section */
		9FA06FD11F711C450009DF63 /* Frameworks */ = {
			isa = PBXFrameworksBuildPhase;
			buildActionMask = 2147483647;
			files = (
			);
			runOnlyForDeploymentPostprocessing = 0;
		};
		9FA06FE81F711C450009DF63 /* Frameworks */ = {
			isa = PBXFrameworksBuildPhase;
			buildActionMask = 2147483647;
			files = (
			);
			runOnlyForDeploymentPostprocessing = 0;
		};
		9FA06FF31F711C450009DF63 /* Frameworks */ = {
			isa = PBXFrameworksBuildPhase;
			buildActionMask = 2147483647;
			files = (
			);
			runOnlyForDeploymentPostprocessing = 0;
		};
/* End PBXFrameworksBuildPhase section */

/* Begin PBXGroup section */
		9FA06FCB1F711C440009DF63 = {
			isa = PBXGroup;
			children = (
				9FA06FD61F711C450009DF63 /* Reservation */,
				9FA06FEE1F711C450009DF63 /* ReservationTests */,
				9FA06FF91F711C450009DF63 /* ReservationUITests */,
				9FA06FD51F711C450009DF63 /* Products */,
			);
			sourceTree = "<group>";
		};
		9FA06FD51F711C450009DF63 /* Products */ = {
			isa = PBXGroup;
			children = (
				9FA06FD41F711C450009DF63 /* Reservation.app */,
				9FA06FEB1F711C450009DF63 /* ReservationTests.xctest */,
				9FA06FF61F711C450009DF63 /* ReservationUITests.xctest */,
			);
			name = Products;
			sourceTree = "<group>";
		};
		9FA06FD61F711C450009DF63 /* Reservation */ = {
			isa = PBXGroup;
			children = (
				9FA06FD71F711C450009DF63 /* AppDelegate.swift */,
				9FA070081F711F0C0009DF63 /* MyReservationsTableViewController.swift */,
				9FA0700A1F7125510009DF63 /* MyReservationTableViewCell.swift */,
				9FA0700C1F712CED0009DF63 /* SpaServicesPagesViewController.swift */,
				9FA070161F714F590009DF63 /* MothersDayPageViewController.swift */,
				9FA070101F712D460009DF63 /* HotStonePageViewController.swift */,
				9FA070121F712D5C0009DF63 /* DeepTessuePageViewController.swift */,
				9FA070181F7160C40009DF63 /* ScheduleViewController.swift */,
				9FA0701A1F71670E0009DF63 /* AvailableDateCollectionViewCell.swift */,
				9FA0701C1F71671E0009DF63 /* AvailableTimeCollectionViewCell.swift */,
				9FA0701E1F716E1F0009DF63 /* DateExtension.swift */,
				9FA070201F716F020009DF63 /* AvailableDate.swift */,
				9FA06FDB1F711C450009DF63 /* Main.storyboard */,
				9FA06FE31F711C450009DF63 /* LaunchScreen.storyboard */,
				9FA06FE61F711C450009DF63 /* Info.plist */,
				9FA070141F714CBE0009DF63 /* Assets.xcassets */,
				9FA06FDE1F711C450009DF63 /* Reservation.xcdatamodeld */,
			);
			path = Reservation;
			sourceTree = "<group>";
		};
		9FA06FEE1F711C450009DF63 /* ReservationTests */ = {
			isa = PBXGroup;
			children = (
				9FA06FEF1F711C450009DF63 /* ReservationTests.swift */,
				9FA06FF11F711C450009DF63 /* Info.plist */,
			);
			path = ReservationTests;
			sourceTree = "<group>";
		};
		9FA06FF91F711C450009DF63 /* ReservationUITests */ = {
			isa = PBXGroup;
			children = (
				9FA06FFA1F711C450009DF63 /* ReservationUITests.swift */,
				9FA06FFC1F711C450009DF63 /* Info.plist */,
			);
			path = ReservationUITests;
			sourceTree = "<group>";
		};
/* End PBXGroup section */

/* Begin PBXNativeTarget section */
		9FA06FD31F711C450009DF63 /* Reservation */ = {
			isa = PBXNativeTarget;
			buildConfigurationList = 9FA06FFF1F711C450009DF63 /* Build configuration list for PBXNativeTarget "Reservation" */;
			buildPhases = (
				9FA06FD01F711C450009DF63 /* Sources */,
				9FA06FD11F711C450009DF63 /* Frameworks */,
				9FA06FD21F711C450009DF63 /* Resources */,
			);
			buildRules = (
			);
			dependencies = (
			);
			name = Reservation;
			productName = Reservation;
			productReference = 9FA06FD41F711C450009DF63 /* Reservation.app */;
			productType = "com.apple.product-type.application";
		};
		9FA06FEA1F711C450009DF63 /* ReservationTests */ = {
			isa = PBXNativeTarget;
			buildConfigurationList = 9FA070021F711C450009DF63 /* Build configuration list for PBXNativeTarget "ReservationTests" */;
			buildPhases = (
				9FA06FE71F711C450009DF63 /* Sources */,
				9FA06FE81F711C450009DF63 /* Frameworks */,
				9FA06FE91F711C450009DF63 /* Resources */,
			);
			buildRules = (
			);
			dependencies = (
				9FA06FED1F711C450009DF63 /* PBXTargetDependency */,
			);
			name = ReservationTests;
			productName = ReservationTests;
			productReference = 9FA06FEB1F711C450009DF63 /* ReservationTests.xctest */;
			productType = "com.apple.product-type.bundle.unit-test";
		};
		9FA06FF51F711C450009DF63 /* ReservationUITests */ = {
			isa = PBXNativeTarget;
			buildConfigurationList = 9FA070051F711C450009DF63 /* Build configuration list for PBXNativeTarget "ReservationUITests" */;
			buildPhases = (
				9FA06FF21F711C450009DF63 /* Sources */,
				9FA06FF31F711C450009DF63 /* Frameworks */,
				9FA06FF41F711C450009DF63 /* Resources */,
			);
			buildRules = (
			);
			dependencies = (
				9FA06FF81F711C450009DF63 /* PBXTargetDependency */,
			);
			name = ReservationUITests;
			productName = ReservationUITests;
			productReference = 9FA06FF61F711C450009DF63 /* ReservationUITests.xctest */;
			productType = "com.apple.product-type.bundle.ui-testing";
		};
/* End PBXNativeTarget section */

/* Begin PBXProject section */
		9FA06FCC1F711C440009DF63 /* Project object */ = {
			isa = PBXProject;
			attributes = {
				LastSwiftUpdateCheck = 0830;
				LastUpgradeCheck = 0830;
				ORGANIZATIONNAME = "Teddy Demilew";
				TargetAttributes = {
					9FA06FD31F711C450009DF63 = {
						CreatedOnToolsVersion = 8.3.3;
						ProvisioningStyle = Automatic;
					};
					9FA06FEA1F711C450009DF63 = {
						CreatedOnToolsVersion = 8.3.3;
						ProvisioningStyle = Automatic;
						TestTargetID = 9FA06FD31F711C450009DF63;
					};
					9FA06FF51F711C450009DF63 = {
						CreatedOnToolsVersion = 8.3.3;
						ProvisioningStyle = Automatic;
						TestTargetID = 9FA06FD31F711C450009DF63;
					};
				};
			};
			buildConfigurationList = 9FA06FCF1F711C440009DF63 /* Build configuration list for PBXProject "Reservation" */;
			compatibilityVersion = "Xcode 3.2";
			developmentRegion = English;
			hasScannedForEncodings = 0;
			knownRegions = (
				en,
				Base,
			);
			mainGroup = 9FA06FCB1F711C440009DF63;
			productRefGroup = 9FA06FD51F711C450009DF63 /* Products */;
			projectDirPath = "";
			projectRoot = "";
			targets = (
				9FA06FD31F711C450009DF63 /* Reservation */,
				9FA06FEA1F711C450009DF63 /* ReservationTests */,
				9FA06FF51F711C450009DF63 /* ReservationUITests */,
			);
		};
/* End PBXProject section */

/* Begin PBXResourcesBuildPhase section */
		9FA06FD21F711C450009DF63 /* Resources */ = {
			isa = PBXResourcesBuildPhase;
			buildActionMask = 2147483647;
			files = (
				9FA06FE51F711C450009DF63 /* LaunchScreen.storyboard in Resources */,
				9FA070151F714CBE0009DF63 /* Assets.xcassets in Resources */,
				9FA06FDD1F711C450009DF63 /* Main.storyboard in Resources */,
			);
			runOnlyForDeploymentPostprocessing = 0;
		};
		9FA06FE91F711C450009DF63 /* Resources */ = {
			isa = PBXResourcesBuildPhase;
			buildActionMask = 2147483647;
			files = (
			);
			runOnlyForDeploymentPostprocessing = 0;
		};
		9FA06FF41F711C450009DF63 /* Resources */ = {
			isa = PBXResourcesBuildPhase;
			buildActionMask = 2147483647;
			files = (
			);
			runOnlyForDeploymentPostprocessing = 0;
		};
/* End PBXResourcesBuildPhase section */

/* Begin PBXSourcesBuildPhase section */
		9FA06FD01F711C450009DF63 /* Sources */ = {
			isa = PBXSourcesBuildPhase;
			buildActionMask = 2147483647;
			files = (
				9FA070131F712D5C0009DF63 /* DeepTessuePageViewController.swift in Sources */,
				9FA0701F1F716E1F0009DF63 /* DateExtension.swift in Sources */,
				9FA0700B1F7125510009DF63 /* MyReservationTableViewCell.swift in Sources */,
				9FA070211F716F020009DF63 /* AvailableDate.swift in Sources */,
				9FA0701D1F71671E0009DF63 /* AvailableTimeCollectionViewCell.swift in Sources */,
				9FA070091F711F0C0009DF63 /* MyReservationsTableViewController.swift in Sources */,
				9FA070191F7160C40009DF63 /* ScheduleViewController.swift in Sources */,
				9FA0701B1F71670E0009DF63 /* AvailableDateCollectionViewCell.swift in Sources */,
				9FA070111F712D460009DF63 /* HotStonePageViewController.swift in Sources */,
				9FA06FD81F711C450009DF63 /* AppDelegate.swift in Sources */,
				9FA070171F714F590009DF63 /* MothersDayPageViewController.swift in Sources */,
				9FA0700D1F712CED0009DF63 /* SpaServicesPagesViewController.swift in Sources */,
				9FA06FE01F711C450009DF63 /* Reservation.xcdatamodeld in Sources */,
			);
			runOnlyForDeploymentPostprocessing = 0;
		};
		9FA06FE71F711C450009DF63 /* Sources */ = {
			isa = PBXSourcesBuildPhase;
			buildActionMask = 2147483647;
			files = (
				9FA06FF01F711C450009DF63 /* ReservationTests.swift in Sources */,
			);
			runOnlyForDeploymentPostprocessing = 0;
		};
		9FA06FF21F711C450009DF63 /* Sources */ = {
			isa = PBXSourcesBuildPhase;
			buildActionMask = 2147483647;
			files = (
				9FA06FFB1F711C450009DF63 /* ReservationUITests.swift in Sources */,
			);
			runOnlyForDeploymentPostprocessing = 0;
		};
/* End PBXSourcesBuildPhase section */

/* Begin PBXTargetDependency section */
		9FA06FED1F711C450009DF63 /* PBXTargetDependency */ = {
			isa = PBXTargetDependency;
			target = 9FA06FD31F711C450009DF63 /* Reservation */;
			targetProxy = 9FA06FEC1F711C450009DF63 /* PBXContainerItemProxy */;
		};
		9FA06FF81F711C450009DF63 /* PBXTargetDependency */ = {
			isa = PBXTargetDependency;
			target = 9FA06FD31F711C450009DF63 /* Reservation */;
			targetProxy = 9FA06FF71F711C450009DF63 /* PBXContainerItemProxy */;
		};
/* End PBXTargetDependency section */

/* Begin PBXVariantGroup section */
		9FA06FDB1F711C450009DF63 /* Main.storyboard */ = {
			isa = PBXVariantGroup;
			children = (
				9FA06FDC1F711C450009DF63 /* Base */,
			);
			name = Main.storyboard;
			sourceTree = "<group>";
		};
		9FA06FE31F711C450009DF63 /* LaunchScreen.storyboard */ = {
			isa = PBXVariantGroup;
			children = (
				9FA06FE41F711C450009DF63 /* Base */,
			);
			name = LaunchScreen.storyboard;
			sourceTree = "<group>";
		};
/* End PBXVariantGroup section */

/* Begin XCBuildConfiguration section */
		9FA06FFD1F711C450009DF63 /* Debug */ = {
			isa = XCBuildConfiguration;
			buildSettings = {
				ALWAYS_SEARCH_USER_PATHS = NO;
				CLANG_ANALYZER_NONNULL = YES;
				CLANG_ANALYZER_NUMBER_OBJECT_CONVERSION = YES_AGGRESSIVE;
				CLANG_CXX_LANGUAGE_STANDARD = "gnu++0x";
				CLANG_CXX_LIBRARY = "libc++";
				CLANG_ENABLE_MODULES = YES;
				CLANG_ENABLE_OBJC_ARC = YES;
				CLANG_WARN_BOOL_CONVERSION = YES;
				CLANG_WARN_CONSTANT_CONVERSION = YES;
				CLANG_WARN_DIRECT_OBJC_ISA_USAGE = YES_ERROR;
				CLANG_WARN_DOCUMENTATION_COMMENTS = YES;
				CLANG_WARN_EMPTY_BODY = YES;
				CLANG_WARN_ENUM_CONVERSION = YES;
				CLANG_WARN_INFINITE_RECURSION = YES;
				CLANG_WARN_INT_CONVERSION = YES;
				CLANG_WARN_OBJC_ROOT_CLASS = YES_ERROR;
				CLANG_WARN_SUSPICIOUS_MOVE = YES;
				CLANG_WARN_UNREACHABLE_CODE = YES;
				CLANG_WARN__DUPLICATE_METHOD_MATCH = YES;
				"CODE_SIGN_IDENTITY[sdk=iphoneos*]" = "iPhone Developer";
				COPY_PHASE_STRIP = NO;
				DEBUG_INFORMATION_FORMAT = dwarf;
				ENABLE_STRICT_OBJC_MSGSEND = YES;
				ENABLE_TESTABILITY = YES;
				GCC_C_LANGUAGE_STANDARD = gnu99;
				GCC_DYNAMIC_NO_PIC = NO;
				GCC_NO_COMMON_BLOCKS = YES;
				GCC_OPTIMIZATION_LEVEL = 0;
				GCC_PREPROCESSOR_DEFINITIONS = (
					"DEBUG=1",
					"$(inherited)",
				);
				GCC_WARN_64_TO_32_BIT_CONVERSION = YES;
				GCC_WARN_ABOUT_RETURN_TYPE = YES_ERROR;
				GCC_WARN_UNDECLARED_SELECTOR = YES;
				GCC_WARN_UNINITIALIZED_AUTOS = YES_AGGRESSIVE;
				GCC_WARN_UNUSED_FUNCTION = YES;
				GCC_WARN_UNUSED_VARIABLE = YES;
				IPHONEOS_DEPLOYMENT_TARGET = 10.0;
				MTL_ENABLE_DEBUG_INFO = YES;
				ONLY_ACTIVE_ARCH = YES;
				SDKROOT = iphoneos;
				SWIFT_ACTIVE_COMPILATION_CONDITIONS = DEBUG;
				SWIFT_OPTIMIZATION_LEVEL = "-Onone";
			};
			name = Debug;
		};
		9FA06FFE1F711C450009DF63 /* Release */ = {
			isa = XCBuildConfiguration;
			buildSettings = {
				ALWAYS_SEARCH_USER_PATHS = NO;
				CLANG_ANALYZER_NONNULL = YES;
				CLANG_ANALYZER_NUMBER_OBJECT_CONVERSION = YES_AGGRESSIVE;
				CLANG_CXX_LANGUAGE_STANDARD = "gnu++0x";
				CLANG_CXX_LIBRARY = "libc++";
				CLANG_ENABLE_MODULES = YES;
				CLANG_ENABLE_OBJC_ARC = YES;
				CLANG_WARN_BOOL_CONVERSION = YES;
				CLANG_WARN_CONSTANT_CONVERSION = YES;
				CLANG_WARN_DIRECT_OBJC_ISA_USAGE = YES_ERROR;
				CLANG_WARN_DOCUMENTATION_COMMENTS = YES;
				CLANG_WARN_EMPTY_BODY = YES;
				CLANG_WARN_ENUM_CONVERSION = YES;
				CLANG_WARN_INFINITE_RECURSION = YES;
				CLANG_WARN_INT_CONVERSION = YES;
				CLANG_WARN_OBJC_ROOT_CLASS = YES_ERROR;
				CLANG_WARN_SUSPICIOUS_MOVE = YES;
				CLANG_WARN_UNREACHABLE_CODE = YES;
				CLANG_WARN__DUPLICATE_METHOD_MATCH = YES;
				"CODE_SIGN_IDENTITY[sdk=iphoneos*]" = "iPhone Developer";
				COPY_PHASE_STRIP = NO;
				DEBUG_INFORMATION_FORMAT = "dwarf-with-dsym";
				ENABLE_NS_ASSERTIONS = NO;
				ENABLE_STRICT_OBJC_MSGSEND = YES;
				GCC_C_LANGUAGE_STANDARD = gnu99;
				GCC_NO_COMMON_BLOCKS = YES;
				GCC_WARN_64_TO_32_BIT_CONVERSION = YES;
				GCC_WARN_ABOUT_RETURN_TYPE = YES_ERROR;
				GCC_WARN_UNDECLARED_SELECTOR = YES;
				GCC_WARN_UNINITIALIZED_AUTOS = YES_AGGRESSIVE;
				GCC_WARN_UNUSED_FUNCTION = YES;
				GCC_WARN_UNUSED_VARIABLE = YES;
				IPHONEOS_DEPLOYMENT_TARGET = 10.0;
				MTL_ENABLE_DEBUG_INFO = NO;
				SDKROOT = iphoneos;
				SWIFT_OPTIMIZATION_LEVEL = "-Owholemodule";
				VALIDATE_PRODUCT = YES;
			};
			name = Release;
		};
		9FA070001F711C450009DF63 /* Debug */ = {
			isa = XCBuildConfiguration;
			buildSettings = {
				ASSETCATALOG_COMPILER_APPICON_NAME = AppIcon;
				INFOPLIST_FILE = Reservation/Info.plist;
				LD_RUNPATH_SEARCH_PATHS = "$(inherited) @executable_path/Frameworks";
				PRODUCT_BUNDLE_IDENTIFIER = com.teddy.Reservation;
				PRODUCT_NAME = "$(TARGET_NAME)";
				SWIFT_VERSION = 3.0;
			};
			name = Debug;
		};
		9FA070011F711C450009DF63 /* Release */ = {
			isa = XCBuildConfiguration;
			buildSettings = {
				ASSETCATALOG_COMPILER_APPICON_NAME = AppIcon;
				INFOPLIST_FILE = Reservation/Info.plist;
				LD_RUNPATH_SEARCH_PATHS = "$(inherited) @executable_path/Frameworks";
				PRODUCT_BUNDLE_IDENTIFIER = com.teddy.Reservation;
				PRODUCT_NAME = "$(TARGET_NAME)";
				SWIFT_VERSION = 3.0;
			};
			name = Release;
		};
		9FA070031F711C450009DF63 /* Debug */ = {
			isa = XCBuildConfiguration;
			buildSettings = {
				ALWAYS_EMBED_SWIFT_STANDARD_LIBRARIES = YES;
				BUNDLE_LOADER = "$(TEST_HOST)";
				INFOPLIST_FILE = ReservationTests/Info.plist;
				LD_RUNPATH_SEARCH_PATHS = "$(inherited) @executable_path/Frameworks @loader_path/Frameworks";
				PRODUCT_BUNDLE_IDENTIFIER = com.teddy.ReservationTests;
				PRODUCT_NAME = "$(TARGET_NAME)";
				SWIFT_VERSION = 3.0;
				TEST_HOST = "$(BUILT_PRODUCTS_DIR)/Reservation.app/Reservation";
			};
			name = Debug;
		};
		9FA070041F711C450009DF63 /* Release */ = {
			isa = XCBuildConfiguration;
			buildSettings = {
				ALWAYS_EMBED_SWIFT_STANDARD_LIBRARIES = YES;
				BUNDLE_LOADER = "$(TEST_HOST)";
				INFOPLIST_FILE = ReservationTests/Info.plist;
				LD_RUNPATH_SEARCH_PATHS = "$(inherited) @executable_path/Frameworks @loader_path/Frameworks";
				PRODUCT_BUNDLE_IDENTIFIER = com.teddy.ReservationTests;
				PRODUCT_NAME = "$(TARGET_NAME)";
				SWIFT_VERSION = 3.0;
				TEST_HOST = "$(BUILT_PRODUCTS_DIR)/Reservation.app/Reservation";
			};
			name = Release;
		};
		9FA070061F711C450009DF63 /* Debug */ = {
			isa = XCBuildConfiguration;
			buildSettings = {
				ALWAYS_EMBED_SWIFT_STANDARD_LIBRARIES = YES;
				INFOPLIST_FILE = ReservationUITests/Info.plist;
				LD_RUNPATH_SEARCH_PATHS = "$(inherited) @executable_path/Frameworks @loader_path/Frameworks";
				PRODUCT_BUNDLE_IDENTIFIER = com.teddy.ReservationUITests;
				PRODUCT_NAME = "$(TARGET_NAME)";
				SWIFT_VERSION = 3.0;
				TEST_TARGET_NAME = Reservation;
			};
			name = Debug;
		};
		9FA070071F711C450009DF63 /* Release */ = {
			isa = XCBuildConfiguration;
			buildSettings = {
				ALWAYS_EMBED_SWIFT_STANDARD_LIBRARIES = YES;
				INFOPLIST_FILE = ReservationUITests/Info.plist;
				LD_RUNPATH_SEARCH_PATHS = "$(inherited) @executable_path/Frameworks @loader_path/Frameworks";
				PRODUCT_BUNDLE_IDENTIFIER = com.teddy.ReservationUITests;
				PRODUCT_NAME = "$(TARGET_NAME)";
				SWIFT_VERSION = 3.0;
				TEST_TARGET_NAME = Reservation;
			};
			name = Release;
		};
/* End XCBuildConfiguration section */

/* Begin XCConfigurationList section */
		9FA06FCF1F711C440009DF63 /* Build configuration list for PBXProject "Reservation" */ = {
			isa = XCConfigurationList;
			buildConfigurations = (
				9FA06FFD1F711C450009DF63 /* Debug */,
				9FA06FFE1F711C450009DF63 /* Release */,
			);
			defaultConfigurationIsVisible = 0;
			defaultConfigurationName = Release;
		};
		9FA06FFF1F711C450009DF63 /* Build configuration list for PBXNativeTarget "Reservation" */ = {
			isa = XCConfigurationList;
			buildConfigurations = (
				9FA070001F711C450009DF63 /* Debug */,
				9FA070011F711C450009DF63 /* Release */,
			);
			defaultConfigurationIsVisible = 0;
		};
		9FA070021F711C450009DF63 /* Build configuration list for PBXNativeTarget "ReservationTests" */ = {
			isa = XCConfigurationList;
			buildConfigurations = (
				9FA070031F711C450009DF63 /* Debug */,
				9FA070041F711C450009DF63 /* Release */,
			);
			defaultConfigurationIsVisible = 0;
		};
		9FA070051F711C450009DF63 /* Build configuration list for PBXNativeTarget "ReservationUITests" */ = {
			isa = XCConfigurationList;
			buildConfigurations = (
				9FA070061F711C450009DF63 /* Debug */,
				9FA070071F711C450009DF63 /* Release */,
			);
			defaultConfigurationIsVisible = 0;
		};
/* End XCConfigurationList section */

/* Begin XCVersionGroup section */
		9FA06FDE1F711C450009DF63 /* Reservation.xcdatamodeld */ = {
			isa = XCVersionGroup;
			children = (
				9FA06FDF1F711C450009DF63 /* Reservation.xcdatamodel */,
			);
			currentVersion = 9FA06FDF1F711C450009DF63 /* Reservation.xcdatamodel */;
			path = Reservation.xcdatamodeld;
			sourceTree = "<group>";
			versionGroupType = wrapper.xcdatamodel;
		};
/* End XCVersionGroup section */
	};
	rootObject = 9FA06FCC1F711C440009DF63 /* Project object */;
}
